
Microsoft Visual Studio Solution File, Format Version 12.00
# Visual Studio Version 16
VisualStudioVersion = 16.0.30225.117
MinimumVisualStudioVersion = 10.0.40219.1
Project("{FAE04EC0-301F-11D3-BF4B-00C04F79EFBC}") = "PasswordManager", "PasswordManager\PasswordManager.csproj", "{AECC1B68-B67D-4D06-BE61-5460A08943D1}"
EndProject
Project("{FAE04EC0-301F-11D3-BF4B-00C04F79EFBC}") = "PasswordManager.Services", "PasswordManager.Services\PasswordManager.Services.csproj", "{ADC99D7C-5D22-45A0-861B-048070371449}"
EndProject
Project("{FAE04EC0-301F-11D3-BF4B-00C04F79EFBC}") = "PasswordManager.Models", "PasswordManager.Models\PasswordManager.Models.csproj", "{4CF1AF2E-E1EF-4707-BA1C-51FAACE51572}"
EndProject
Global
	GlobalSection(SolutionConfigurationPlatforms) = preSolution
		Debug|Any CPU = Debug|Any CPU
		Release|Any CPU = Release|Any CPU
	EndGlobalSection
	GlobalSection(ProjectConfigurationPlatforms) = postSolution
		{AECC1B68-B67D-4D06-BE61-5460A08943D1}.Debug|Any CPU.ActiveCfg = Debug|Any CPU
		{AECC1B68-B67D-4D06-BE61-5460A08943D1}.Debug|Any CPU.Build.0 = Debug|Any CPU
		{AECC1B68-B67D-4D06-BE61-5460A08943D1}.Release|Any CPU.ActiveCfg = Release|Any CPU
		{AECC1B68-B67D-4D06-BE61-5460A08943D1}.Release|Any CPU.Build.0 = Release|Any CPU
		{ADC99D7C-5D22-45A0-861B-048070371449}.Debug|Any CPU.ActiveCfg = Debug|Any CPU
		{ADC99D7C-5D22-45A0-861B-048070371449}.Debug|Any CPU.Build.0 = Debug|Any CPU
		{ADC99D7C-5D22-45A0-861B-048070371449}.Release|Any CPU.ActiveCfg = Release|Any CPU
		{ADC99D7C-5D22-45A0-861B-048070371449}.Release|Any CPU.Build.0 = Release|Any CPU
		{4CF1AF2E-E1EF-4707-BA1C-51FAACE51572}.Debug|Any CPU.ActiveCfg = Debug|Any CPU
		{4CF1AF2E-E1EF-4707-BA1C-51FAACE51572}.Debug|Any CPU.Build.0 = Debug|Any CPU
		{4CF1AF2E-E1EF-4707-BA1C-51FAACE51572}.Release|Any CPU.ActiveCfg = Release|Any CPU
		{4CF1AF2E-E1EF-4707-BA1C-51FAACE51572}.Release|Any CPU.Build.0 = Release|Any CPU
	EndGlobalSection
	GlobalSection(SolutionProperties) = preSolution
		HideSolutionNode = FALSE
	EndGlobalSection
	GlobalSection(ExtensibilityGlobals) = postSolution
		SolutionGuid = {FA22866D-0D13-46AE-B7AF-7D5695CE6573}
	EndGlobalSection
EndGlobal
