
Microsoft Visual Studio Solution File, Format Version 12.00
# Visual Studio Version 16
VisualStudioVersion = 16.0.30225.117
MinimumVisualStudioVersion = 10.0.40219.1
Project("{9A19103F-16F7-4668-BE54-9A1E7A4F7556}") = "PasswordManager", "PasswordManager\PasswordManager.csproj", "{AECC1B68-B67D-4D06-BE61-5460A08943D1}"
EndProject
Project("{9A19103F-16F7-4668-BE54-9A1E7A4F7556}") = "PasswordManager.Services", "PasswordManager.Services\PasswordManager.Services.csproj", "{ADC99D7C-5D22-45A0-861B-048070371449}"
EndProject
Project("{9A19103F-16F7-4668-BE54-9A1E7A4F7556}") = "PasswordManager.Models", "PasswordManager.Models\PasswordManager.Models.csproj", "{4CF1AF2E-E1EF-4707-BA1C-51FAACE51572}"
EndProject
Project("{9A19103F-16F7-4668-BE54-9A1E7A4F7556}") = "PasswordManager.EntityModels", "PasswordManager.EntityModels\PasswordManager.EntityModels.csproj", "{076E1691-917D-4409-8F63-55B8DF1AF2FF}"
EndProject
Project("{9A19103F-16F7-4668-BE54-9A1E7A4F7556}") = "PasswordManager.Context", "PasswordManager.Context\PasswordManager.Context.csproj", "{E8FDE7EA-C5D6-4032-9C1B-D8F08F89066F}"
EndProject
Project("{9A19103F-16F7-4668-BE54-9A1E7A4F7556}") = "PasswordManager.Test", "PasswordManager.Test\PasswordManager.Test.csproj", "{CFAF5F32-3630-4A8A-8774-2775DE47ADED}"
EndProject
Project("{9A19103F-16F7-4668-BE54-9A1E7A4F7556}") = "PasswordManager.LoginContent", "PasswordManager.LoginContent\PasswordManager.LoginContent.csproj", "{8EB78CC6-B831-414F-BFF2-6FB6C3E70A22}"
EndProject
Project("{9A19103F-16F7-4668-BE54-9A1E7A4F7556}") = "CustomPasswordBox", "CustomPasswordBox\CustomPasswordBox.csproj", "{E63824F4-D4E6-4C6D-824E-B724C9820C4E}"
EndProject
Project("{9A19103F-16F7-4668-BE54-9A1E7A4F7556}") = "PasswordManager.Validation", "PasswordManager.Validation\PasswordManager.Validation.csproj", "{417C0D40-E2C0-43D9-9576-84652FB74909}"
EndProject
Global
	GlobalSection(SolutionConfigurationPlatforms) = preSolution
		Debug|Any CPU = Debug|Any CPU
		Release|Any CPU = Release|Any CPU
	EndGlobalSection
	GlobalSection(ProjectConfigurationPlatforms) = postSolution
		{AECC1B68-B67D-4D06-BE61-5460A08943D1}.Debug|Any CPU.ActiveCfg = Debug|Any CPU
		{AECC1B68-B67D-4D06-BE61-5460A08943D1}.Debug|Any CPU.Build.0 = Debug|Any CPU
		{AECC1B68-B67D-4D06-BE61-5460A08943D1}.Release|Any CPU.ActiveCfg = Release|Any CPU
		{AECC1B68-B67D-4D06-BE61-5460A08943D1}.Release|Any CPU.Build.0 = Release|Any CPU
		{ADC99D7C-5D22-45A0-861B-048070371449}.Debug|Any CPU.ActiveCfg = Debug|Any CPU
		{ADC99D7C-5D22-45A0-861B-048070371449}.Debug|Any CPU.Build.0 = Debug|Any CPU
		{ADC99D7C-5D22-45A0-861B-048070371449}.Release|Any CPU.ActiveCfg = Release|Any CPU
		{ADC99D7C-5D22-45A0-861B-048070371449}.Release|Any CPU.Build.0 = Release|Any CPU
		{4CF1AF2E-E1EF-4707-BA1C-51FAACE51572}.Debug|Any CPU.ActiveCfg = Debug|Any CPU
		{4CF1AF2E-E1EF-4707-BA1C-51FAACE51572}.Debug|Any CPU.Build.0 = Debug|Any CPU
		{4CF1AF2E-E1EF-4707-BA1C-51FAACE51572}.Release|Any CPU.ActiveCfg = Release|Any CPU
		{4CF1AF2E-E1EF-4707-BA1C-51FAACE51572}.Release|Any CPU.Build.0 = Release|Any CPU
		{076E1691-917D-4409-8F63-55B8DF1AF2FF}.Debug|Any CPU.ActiveCfg = Debug|Any CPU
		{076E1691-917D-4409-8F63-55B8DF1AF2FF}.Debug|Any CPU.Build.0 = Debug|Any CPU
		{076E1691-917D-4409-8F63-55B8DF1AF2FF}.Release|Any CPU.ActiveCfg = Release|Any CPU
		{076E1691-917D-4409-8F63-55B8DF1AF2FF}.Release|Any CPU.Build.0 = Release|Any CPU
		{E8FDE7EA-C5D6-4032-9C1B-D8F08F89066F}.Debug|Any CPU.ActiveCfg = Debug|Any CPU
		{E8FDE7EA-C5D6-4032-9C1B-D8F08F89066F}.Debug|Any CPU.Build.0 = Debug|Any CPU
		{E8FDE7EA-C5D6-4032-9C1B-D8F08F89066F}.Release|Any CPU.ActiveCfg = Release|Any CPU
		{E8FDE7EA-C5D6-4032-9C1B-D8F08F89066F}.Release|Any CPU.Build.0 = Release|Any CPU
		{CFAF5F32-3630-4A8A-8774-2775DE47ADED}.Debug|Any CPU.ActiveCfg = Debug|Any CPU
		{CFAF5F32-3630-4A8A-8774-2775DE47ADED}.Debug|Any CPU.Build.0 = Debug|Any CPU
		{CFAF5F32-3630-4A8A-8774-2775DE47ADED}.Release|Any CPU.ActiveCfg = Release|Any CPU
		{CFAF5F32-3630-4A8A-8774-2775DE47ADED}.Release|Any CPU.Build.0 = Release|Any CPU
		{8EB78CC6-B831-414F-BFF2-6FB6C3E70A22}.Debug|Any CPU.ActiveCfg = Debug|Any CPU
		{8EB78CC6-B831-414F-BFF2-6FB6C3E70A22}.Debug|Any CPU.Build.0 = Debug|Any CPU
		{8EB78CC6-B831-414F-BFF2-6FB6C3E70A22}.Release|Any CPU.ActiveCfg = Release|Any CPU
		{8EB78CC6-B831-414F-BFF2-6FB6C3E70A22}.Release|Any CPU.Build.0 = Release|Any CPU
		{E63824F4-D4E6-4C6D-824E-B724C9820C4E}.Debug|Any CPU.ActiveCfg = Debug|Any CPU
		{E63824F4-D4E6-4C6D-824E-B724C9820C4E}.Debug|Any CPU.Build.0 = Debug|Any CPU
		{E63824F4-D4E6-4C6D-824E-B724C9820C4E}.Release|Any CPU.ActiveCfg = Release|Any CPU
		{E63824F4-D4E6-4C6D-824E-B724C9820C4E}.Release|Any CPU.Build.0 = Release|Any CPU
		{417C0D40-E2C0-43D9-9576-84652FB74909}.Debug|Any CPU.ActiveCfg = Debug|Any CPU
		{417C0D40-E2C0-43D9-9576-84652FB74909}.Debug|Any CPU.Build.0 = Debug|Any CPU
		{417C0D40-E2C0-43D9-9576-84652FB74909}.Release|Any CPU.ActiveCfg = Release|Any CPU
		{417C0D40-E2C0-43D9-9576-84652FB74909}.Release|Any CPU.Build.0 = Release|Any CPU
	EndGlobalSection
	GlobalSection(SolutionProperties) = preSolution
		HideSolutionNode = FALSE
	EndGlobalSection
	GlobalSection(ExtensibilityGlobals) = postSolution
		SolutionGuid = {FA22866D-0D13-46AE-B7AF-7D5695CE6573}
	EndGlobalSection
EndGlobal
